// !$*UTF8*$!
{
	archiveVersion = 1;
	classes = {
	};
	objectVersion = 46;
	objects = {

/* Begin PBXBuildFile section */
		5CD760970EEFFEC019647432 /* Pods_RxContactsUITests.framework in Frameworks */ = {isa = PBXBuildFile; fileRef = 1DF54442EAAAC6ADEA4E0B4A /* Pods_RxContactsUITests.framework */; };
		DA85D5317A02E1DAAE4E613E /* Pods_RxContacts.framework in Frameworks */ = {isa = PBXBuildFile; fileRef = 4AA29012343D80FD6357E8BB /* Pods_RxContacts.framework */; };
		E6A045E297B0C9FD86431259 /* Pods_RxContactsTests.framework in Frameworks */ = {isa = PBXBuildFile; fileRef = AB176E41145CC11D1F0CAA24 /* Pods_RxContactsTests.framework */; };
		F4DA13621F39211500070DFB /* AppDelegate.swift in Sources */ = {isa = PBXBuildFile; fileRef = F4DA13611F39211500070DFB /* AppDelegate.swift */; };
		F4DA13691F39211500070DFB /* Assets.xcassets in Resources */ = {isa = PBXBuildFile; fileRef = F4DA13681F39211500070DFB /* Assets.xcassets */; };
		F4DA136C1F39211500070DFB /* LaunchScreen.storyboard in Resources */ = {isa = PBXBuildFile; fileRef = F4DA136A1F39211500070DFB /* LaunchScreen.storyboard */; };
		F4DA13821F39211500070DFB /* RxContactsUITests.swift in Sources */ = {isa = PBXBuildFile; fileRef = F4DA13811F39211500070DFB /* RxContactsUITests.swift */; };
		F4DA139B1F3928EC00070DFB /* ContactsTests.swift in Sources */ = {isa = PBXBuildFile; fileRef = F4DA139A1F3928EC00070DFB /* ContactsTests.swift */; };
		F4DA139D1F392C4E00070DFB /* Contacts.storyboard in Resources */ = {isa = PBXBuildFile; fileRef = F4DA139C1F392C4E00070DFB /* Contacts.storyboard */; };
		F4DA139F1F392C7800070DFB /* Contact.swift in Sources */ = {isa = PBXBuildFile; fileRef = F4DA139E1F392C7800070DFB /* Contact.swift */; };
		F4DA13A11F3938AE00070DFB /* ContactViewModel.swift in Sources */ = {isa = PBXBuildFile; fileRef = F4DA13A01F3938AE00070DFB /* ContactViewModel.swift */; };
/* End PBXBuildFile section */

/* Begin PBXContainerItemProxy section */
		F4DA13731F39211500070DFB /* PBXContainerItemProxy */ = {
			isa = PBXContainerItemProxy;
			containerPortal = F4DA13561F39211500070DFB /* Project object */;
			proxyType = 1;
			remoteGlobalIDString = F4DA135D1F39211500070DFB;
			remoteInfo = RxContacts;
		};
		F4DA137E1F39211500070DFB /* PBXContainerItemProxy */ = {
			isa = PBXContainerItemProxy;
			containerPortal = F4DA13561F39211500070DFB /* Project object */;
			proxyType = 1;
			remoteGlobalIDString = F4DA135D1F39211500070DFB;
			remoteInfo = RxContacts;
		};
/* End PBXContainerItemProxy section */

/* Begin PBXFileReference section */
		1DF54442EAAAC6ADEA4E0B4A /* Pods_RxContactsUITests.framework */ = {isa = PBXFileReference; explicitFileType = wrapper.framework; includeInIndex = 0; path = Pods_RxContactsUITests.framework; sourceTree = BUILT_PRODUCTS_DIR; };
		2A99456145778592F5F44371 /* Pods-RxContactsUITests.release.xcconfig */ = {isa = PBXFileReference; includeInIndex = 1; lastKnownFileType = text.xcconfig; name = "Pods-RxContactsUITests.release.xcconfig"; path = "Pods/Target Support Files/Pods-RxContactsUITests/Pods-RxContactsUITests.release.xcconfig"; sourceTree = "<group>"; };
		2D2345E459C5AEDD7654BB76 /* Pods-RxContactsUITests.debug.xcconfig */ = {isa = PBXFileReference; includeInIndex = 1; lastKnownFileType = text.xcconfig; name = "Pods-RxContactsUITests.debug.xcconfig"; path = "Pods/Target Support Files/Pods-RxContactsUITests/Pods-RxContactsUITests.debug.xcconfig"; sourceTree = "<group>"; };
		3A4ABD27B95155BD4EC240AB /* Pods-RxContactsTests.debug.xcconfig */ = {isa = PBXFileReference; includeInIndex = 1; lastKnownFileType = text.xcconfig; name = "Pods-RxContactsTests.debug.xcconfig"; path = "Pods/Target Support Files/Pods-RxContactsTests/Pods-RxContactsTests.debug.xcconfig"; sourceTree = "<group>"; };
		3AFC28F29559884710987D5A /* Pods-RxContacts.release.xcconfig */ = {isa = PBXFileReference; includeInIndex = 1; lastKnownFileType = text.xcconfig; name = "Pods-RxContacts.release.xcconfig"; path = "Pods/Target Support Files/Pods-RxContacts/Pods-RxContacts.release.xcconfig"; sourceTree = "<group>"; };
		4AA29012343D80FD6357E8BB /* Pods_RxContacts.framework */ = {isa = PBXFileReference; explicitFileType = wrapper.framework; includeInIndex = 0; path = Pods_RxContacts.framework; sourceTree = BUILT_PRODUCTS_DIR; };
		9C6C14A5284CCBDC4231720F /* Pods-RxContactsTests.release.xcconfig */ = {isa = PBXFileReference; includeInIndex = 1; lastKnownFileType = text.xcconfig; name = "Pods-RxContactsTests.release.xcconfig"; path = "Pods/Target Support Files/Pods-RxContactsTests/Pods-RxContactsTests.release.xcconfig"; sourceTree = "<group>"; };
		AB176E41145CC11D1F0CAA24 /* Pods_RxContactsTests.framework */ = {isa = PBXFileReference; explicitFileType = wrapper.framework; includeInIndex = 0; path = Pods_RxContactsTests.framework; sourceTree = BUILT_PRODUCTS_DIR; };
		B7C1659D02834C51CABA1C32 /* Pods-RxContacts.debug.xcconfig */ = {isa = PBXFileReference; includeInIndex = 1; lastKnownFileType = text.xcconfig; name = "Pods-RxContacts.debug.xcconfig"; path = "Pods/Target Support Files/Pods-RxContacts/Pods-RxContacts.debug.xcconfig"; sourceTree = "<group>"; };
		F4DA135E1F39211500070DFB /* RxContacts.app */ = {isa = PBXFileReference; explicitFileType = wrapper.application; includeInIndex = 0; path = RxContacts.app; sourceTree = BUILT_PRODUCTS_DIR; };
		F4DA13611F39211500070DFB /* AppDelegate.swift */ = {isa = PBXFileReference; lastKnownFileType = sourcecode.swift; path = AppDelegate.swift; sourceTree = "<group>"; };
		F4DA13681F39211500070DFB /* Assets.xcassets */ = {isa = PBXFileReference; lastKnownFileType = folder.assetcatalog; path = Assets.xcassets; sourceTree = "<group>"; };
		F4DA136B1F39211500070DFB /* Base */ = {isa = PBXFileReference; lastKnownFileType = file.storyboard; name = Base; path = Base.lproj/LaunchScreen.storyboard; sourceTree = "<group>"; };
		F4DA136D1F39211500070DFB /* Info.plist */ = {isa = PBXFileReference; lastKnownFileType = text.plist.xml; path = Info.plist; sourceTree = "<group>"; };
		F4DA13721F39211500070DFB /* RxContactsTests.xctest */ = {isa = PBXFileReference; explicitFileType = wrapper.cfbundle; includeInIndex = 0; path = RxContactsTests.xctest; sourceTree = BUILT_PRODUCTS_DIR; };
		F4DA13781F39211500070DFB /* Info.plist */ = {isa = PBXFileReference; lastKnownFileType = text.plist.xml; path = Info.plist; sourceTree = "<group>"; };
		F4DA137D1F39211500070DFB /* RxContactsUITests.xctest */ = {isa = PBXFileReference; explicitFileType = wrapper.cfbundle; includeInIndex = 0; path = RxContactsUITests.xctest; sourceTree = BUILT_PRODUCTS_DIR; };
		F4DA13811F39211500070DFB /* RxContactsUITests.swift */ = {isa = PBXFileReference; lastKnownFileType = sourcecode.swift; path = RxContactsUITests.swift; sourceTree = "<group>"; };
		F4DA13831F39211500070DFB /* Info.plist */ = {isa = PBXFileReference; lastKnownFileType = text.plist.xml; path = Info.plist; sourceTree = "<group>"; };
		F4DA139A1F3928EC00070DFB /* ContactsTests.swift */ = {isa = PBXFileReference; fileEncoding = 4; lastKnownFileType = sourcecode.swift; path = ContactsTests.swift; sourceTree = "<group>"; };
		F4DA139C1F392C4E00070DFB /* Contacts.storyboard */ = {isa = PBXFileReference; fileEncoding = 4; lastKnownFileType = file.storyboard; path = Contacts.storyboard; sourceTree = "<group>"; };
		F4DA139E1F392C7800070DFB /* Contact.swift */ = {isa = PBXFileReference; fileEncoding = 4; lastKnownFileType = sourcecode.swift; path = Contact.swift; sourceTree = "<group>"; };
		F4DA13A01F3938AE00070DFB /* ContactViewModel.swift */ = {isa = PBXFileReference; fileEncoding = 4; lastKnownFileType = sourcecode.swift; path = ContactViewModel.swift; sourceTree = "<group>"; };
/* End PBXFileReference section */

/* Begin PBXFrameworksBuildPhase section */
		F4DA135B1F39211500070DFB /* Frameworks */ = {
			isa = PBXFrameworksBuildPhase;
			buildActionMask = 2147483647;
			files = (
				DA85D5317A02E1DAAE4E613E /* Pods_RxContacts.framework in Frameworks */,
			);
			runOnlyForDeploymentPostprocessing = 0;
		};
		F4DA136F1F39211500070DFB /* Frameworks */ = {
			isa = PBXFrameworksBuildPhase;
			buildActionMask = 2147483647;
			files = (
				E6A045E297B0C9FD86431259 /* Pods_RxContactsTests.framework in Frameworks */,
			);
			runOnlyForDeploymentPostprocessing = 0;
		};
		F4DA137A1F39211500070DFB /* Frameworks */ = {
			isa = PBXFrameworksBuildPhase;
			buildActionMask = 2147483647;
			files = (
				5CD760970EEFFEC019647432 /* Pods_RxContactsUITests.framework in Frameworks */,
			);
			runOnlyForDeploymentPostprocessing = 0;
		};
/* End PBXFrameworksBuildPhase section */

/* Begin PBXGroup section */
		1416D19473244972172F55FA /* Pods */ = {
			isa = PBXGroup;
			children = (
				B7C1659D02834C51CABA1C32 /* Pods-RxContacts.debug.xcconfig */,
				3AFC28F29559884710987D5A /* Pods-RxContacts.release.xcconfig */,
				3A4ABD27B95155BD4EC240AB /* Pods-RxContactsTests.debug.xcconfig */,
				9C6C14A5284CCBDC4231720F /* Pods-RxContactsTests.release.xcconfig */,
				2D2345E459C5AEDD7654BB76 /* Pods-RxContactsUITests.debug.xcconfig */,
				2A99456145778592F5F44371 /* Pods-RxContactsUITests.release.xcconfig */,
			);
			name = Pods;
			sourceTree = "<group>";
		};
		9E958AD277BE86F6775FAC9B /* Frameworks */ = {
			isa = PBXGroup;
			children = (
				4AA29012343D80FD6357E8BB /* Pods_RxContacts.framework */,
				AB176E41145CC11D1F0CAA24 /* Pods_RxContactsTests.framework */,
				1DF54442EAAAC6ADEA4E0B4A /* Pods_RxContactsUITests.framework */,
			);
			name = Frameworks;
			sourceTree = "<group>";
		};
		F4DA13551F39211500070DFB = {
			isa = PBXGroup;
			children = (
				F4DA13601F39211500070DFB /* RxContacts */,
				F4DA13751F39211500070DFB /* RxContactsTests */,
				F4DA13801F39211500070DFB /* RxContactsUITests */,
				F4DA135F1F39211500070DFB /* Products */,
				1416D19473244972172F55FA /* Pods */,
				9E958AD277BE86F6775FAC9B /* Frameworks */,
			);
			sourceTree = "<group>";
		};
		F4DA135F1F39211500070DFB /* Products */ = {
			isa = PBXGroup;
			children = (
				F4DA135E1F39211500070DFB /* RxContacts.app */,
				F4DA13721F39211500070DFB /* RxContactsTests.xctest */,
				F4DA137D1F39211500070DFB /* RxContactsUITests.xctest */,
			);
			name = Products;
			sourceTree = "<group>";
		};
		F4DA13601F39211500070DFB /* RxContacts */ = {
			isa = PBXGroup;
			children = (
				F4DA13971F39275700070DFB /* Features */,
				F4DA13961F3926E200070DFB /* App */,
				F4DA13951F3926D500070DFB /* Extensions */,
				F4DA13941F3926CF00070DFB /* Helpers */,
			);
			path = RxContacts;
			sourceTree = "<group>";
		};
		F4DA13751F39211500070DFB /* RxContactsTests */ = {
			isa = PBXGroup;
			children = (
				F4DA13991F3928CE00070DFB /* Contact */,
				F4DA13781F39211500070DFB /* Info.plist */,
			);
			path = RxContactsTests;
			sourceTree = "<group>";
		};
		F4DA13801F39211500070DFB /* RxContactsUITests */ = {
			isa = PBXGroup;
			children = (
				F4DA13811F39211500070DFB /* RxContactsUITests.swift */,
				F4DA13831F39211500070DFB /* Info.plist */,
			);
			path = RxContactsUITests;
			sourceTree = "<group>";
		};
		F4DA138F1F3926B200070DFB /* Models */ = {
			isa = PBXGroup;
			children = (
				F4DA139E1F392C7800070DFB /* Contact.swift */,
			);
			name = Models;
			sourceTree = "<group>";
		};
		F4DA13901F3926B900070DFB /* Contact */ = {
			isa = PBXGroup;
			children = (
				F4DA13931F3926C900070DFB /* ViewModels */,
				F4DA13921F3926C500070DFB /* Controllers */,
				F4DA13911F3926C000070DFB /* Views */,
				F4DA138F1F3926B200070DFB /* Models */,
			);
			name = Contact;
			sourceTree = "<group>";
		};
		F4DA13911F3926C000070DFB /* Views */ = {
			isa = PBXGroup;
			children = (
				F4DA139C1F392C4E00070DFB /* Contacts.storyboard */,
			);
			name = Views;
			sourceTree = "<group>";
		};
		F4DA13921F3926C500070DFB /* Controllers */ = {
			isa = PBXGroup;
			children = (
			);
			name = Controllers;
			sourceTree = "<group>";
		};
		F4DA13931F3926C900070DFB /* ViewModels */ = {
			isa = PBXGroup;
			children = (
				F4DA13A01F3938AE00070DFB /* ContactViewModel.swift */,
			);
			name = ViewModels;
			sourceTree = "<group>";
		};
		F4DA13941F3926CF00070DFB /* Helpers */ = {
			isa = PBXGroup;
			children = (
			);
			name = Helpers;
			sourceTree = "<group>";
		};
		F4DA13951F3926D500070DFB /* Extensions */ = {
			isa = PBXGroup;
			children = (
			);
			name = Extensions;
			sourceTree = "<group>";
		};
		F4DA13961F3926E200070DFB /* App */ = {
			isa = PBXGroup;
			children = (
				F4DA13681F39211500070DFB /* Assets.xcassets */,
				F4DA136D1F39211500070DFB /* Info.plist */,
				F4DA136A1F39211500070DFB /* LaunchScreen.storyboard */,
				F4DA13611F39211500070DFB /* AppDelegate.swift */,
			);
			name = App;
			sourceTree = "<group>";
		};
		F4DA13971F39275700070DFB /* Features */ = {
			isa = PBXGroup;
			children = (
				F4DA13901F3926B900070DFB /* Contact */,
			);
			name = Features;
			sourceTree = "<group>";
		};
		F4DA13991F3928CE00070DFB /* Contact */ = {
			isa = PBXGroup;
			children = (
				F4DA139A1F3928EC00070DFB /* ContactsTests.swift */,
			);
			name = Contact;
			sourceTree = "<group>";
		};
/* End PBXGroup section */

/* Begin PBXNativeTarget section */
		F4DA135D1F39211500070DFB /* RxContacts */ = {
			isa = PBXNativeTarget;
			buildConfigurationList = F4DA13861F39211500070DFB /* Build configuration list for PBXNativeTarget "RxContacts" */;
			buildPhases = (
				2A788CD0A10B1E3C93C5957A /* [CP] Check Pods Manifest.lock */,
				F4DA135A1F39211500070DFB /* Sources */,
				F4DA135B1F39211500070DFB /* Frameworks */,
				F4DA135C1F39211500070DFB /* Resources */,
				F451D0AA0FBCB2C24D4B6614 /* [CP] Embed Pods Frameworks */,
				AA3C7D18FB8A4A7E4AABEE83 /* [CP] Copy Pods Resources */,
				F4DA13981F3927C200070DFB /* ShellScript */,
			);
			buildRules = (
			);
			dependencies = (
			);
			name = RxContacts;
			productName = RxContacts;
			productReference = F4DA135E1F39211500070DFB /* RxContacts.app */;
			productType = "com.apple.product-type.application";
		};
		F4DA13711F39211500070DFB /* RxContactsTests */ = {
			isa = PBXNativeTarget;
			buildConfigurationList = F4DA13891F39211500070DFB /* Build configuration list for PBXNativeTarget "RxContactsTests" */;
			buildPhases = (
				9932DE8ACB1E6CB03245CD1A /* [CP] Check Pods Manifest.lock */,
				F4DA136E1F39211500070DFB /* Sources */,
				F4DA136F1F39211500070DFB /* Frameworks */,
				F4DA13701F39211500070DFB /* Resources */,
				6CAF238F7E5EBF71CEB8DD0F /* [CP] Embed Pods Frameworks */,
				FF5A34BBECBF557036081013 /* [CP] Copy Pods Resources */,
			);
			buildRules = (
			);
			dependencies = (
				F4DA13741F39211500070DFB /* PBXTargetDependency */,
			);
			name = RxContactsTests;
			productName = RxContactsTests;
			productReference = F4DA13721F39211500070DFB /* RxContactsTests.xctest */;
			productType = "com.apple.product-type.bundle.unit-test";
		};
		F4DA137C1F39211500070DFB /* RxContactsUITests */ = {
			isa = PBXNativeTarget;
			buildConfigurationList = F4DA138C1F39211500070DFB /* Build configuration list for PBXNativeTarget "RxContactsUITests" */;
			buildPhases = (
				9CBD27421127C63A0A0D4958 /* [CP] Check Pods Manifest.lock */,
				F4DA13791F39211500070DFB /* Sources */,
				F4DA137A1F39211500070DFB /* Frameworks */,
				F4DA137B1F39211500070DFB /* Resources */,
				D08A94D477693E0DAFF816EC /* [CP] Embed Pods Frameworks */,
				D3F7FD016212B1ED8FADC2F9 /* [CP] Copy Pods Resources */,
			);
			buildRules = (
			);
			dependencies = (
				F4DA137F1F39211500070DFB /* PBXTargetDependency */,
			);
			name = RxContactsUITests;
			productName = RxContactsUITests;
			productReference = F4DA137D1F39211500070DFB /* RxContactsUITests.xctest */;
			productType = "com.apple.product-type.bundle.ui-testing";
		};
/* End PBXNativeTarget section */

/* Begin PBXProject section */
		F4DA13561F39211500070DFB /* Project object */ = {
			isa = PBXProject;
			attributes = {
				LastSwiftUpdateCheck = 0830;
				LastUpgradeCheck = 0830;
				ORGANIZATIONNAME = bolivarbryan;
				TargetAttributes = {
					F4DA135D1F39211500070DFB = {
						CreatedOnToolsVersion = 8.3.3;
						DevelopmentTeam = K87XPR878Y;
						ProvisioningStyle = Automatic;
					};
					F4DA13711F39211500070DFB = {
						CreatedOnToolsVersion = 8.3.3;
						DevelopmentTeam = K87XPR878Y;
						ProvisioningStyle = Automatic;
						TestTargetID = F4DA135D1F39211500070DFB;
					};
					F4DA137C1F39211500070DFB = {
						CreatedOnToolsVersion = 8.3.3;
						DevelopmentTeam = K87XPR878Y;
						ProvisioningStyle = Automatic;
						TestTargetID = F4DA135D1F39211500070DFB;
					};
				};
			};
			buildConfigurationList = F4DA13591F39211500070DFB /* Build configuration list for PBXProject "RxContacts" */;
			compatibilityVersion = "Xcode 3.2";
			developmentRegion = English;
			hasScannedForEncodings = 0;
			knownRegions = (
				en,
				Base,
			);
			mainGroup = F4DA13551F39211500070DFB;
			productRefGroup = F4DA135F1F39211500070DFB /* Products */;
			projectDirPath = "";
			projectRoot = "";
			targets = (
				F4DA135D1F39211500070DFB /* RxContacts */,
				F4DA13711F39211500070DFB /* RxContactsTests */,
				F4DA137C1F39211500070DFB /* RxContactsUITests */,
			);
		};
/* End PBXProject section */

/* Begin PBXResourcesBuildPhase section */
		F4DA135C1F39211500070DFB /* Resources */ = {
			isa = PBXResourcesBuildPhase;
			buildActionMask = 2147483647;
			files = (
				F4DA139D1F392C4E00070DFB /* Contacts.storyboard in Resources */,
				F4DA136C1F39211500070DFB /* LaunchScreen.storyboard in Resources */,
				F4DA13691F39211500070DFB /* Assets.xcassets in Resources */,
			);
			runOnlyForDeploymentPostprocessing = 0;
		};
		F4DA13701F39211500070DFB /* Resources */ = {
			isa = PBXResourcesBuildPhase;
			buildActionMask = 2147483647;
			files = (
			);
			runOnlyForDeploymentPostprocessing = 0;
		};
		F4DA137B1F39211500070DFB /* Resources */ = {
			isa = PBXResourcesBuildPhase;
			buildActionMask = 2147483647;
			files = (
			);
			runOnlyForDeploymentPostprocessing = 0;
		};
/* End PBXResourcesBuildPhase section */

/* Begin PBXShellScriptBuildPhase section */
		2A788CD0A10B1E3C93C5957A /* [CP] Check Pods Manifest.lock */ = {
			isa = PBXShellScriptBuildPhase;
			buildActionMask = 2147483647;
			files = (
			);
			inputPaths = (
			);
			name = "[CP] Check Pods Manifest.lock";
			outputPaths = (
			);
			runOnlyForDeploymentPostprocessing = 0;
			shellPath = /bin/sh;
			shellScript = "diff \"${PODS_PODFILE_DIR_PATH}/Podfile.lock\" \"${PODS_ROOT}/Manifest.lock\" > /dev/null\nif [ $? != 0 ] ; then\n    # print error to STDERR\n    echo \"error: The sandbox is not in sync with the Podfile.lock. Run 'pod install' or update your CocoaPods installation.\" >&2\n    exit 1\nfi\n";
			showEnvVarsInLog = 0;
		};
		6CAF238F7E5EBF71CEB8DD0F /* [CP] Embed Pods Frameworks */ = {
			isa = PBXShellScriptBuildPhase;
			buildActionMask = 2147483647;
			files = (
			);
			inputPaths = (
			);
			name = "[CP] Embed Pods Frameworks";
			outputPaths = (
			);
			runOnlyForDeploymentPostprocessing = 0;
			shellPath = /bin/sh;
			shellScript = "\"${SRCROOT}/Pods/Target Support Files/Pods-RxContactsTests/Pods-RxContactsTests-frameworks.sh\"\n";
			showEnvVarsInLog = 0;
		};
		9932DE8ACB1E6CB03245CD1A /* [CP] Check Pods Manifest.lock */ = {
			isa = PBXShellScriptBuildPhase;
			buildActionMask = 2147483647;
			files = (
			);
			inputPaths = (
			);
			name = "[CP] Check Pods Manifest.lock";
			outputPaths = (
			);
			runOnlyForDeploymentPostprocessing = 0;
			shellPath = /bin/sh;
			shellScript = "diff \"${PODS_PODFILE_DIR_PATH}/Podfile.lock\" \"${PODS_ROOT}/Manifest.lock\" > /dev/null\nif [ $? != 0 ] ; then\n    # print error to STDERR\n    echo \"error: The sandbox is not in sync with the Podfile.lock. Run 'pod install' or update your CocoaPods installation.\" >&2\n    exit 1\nfi\n";
			showEnvVarsInLog = 0;
		};
		9CBD27421127C63A0A0D4958 /* [CP] Check Pods Manifest.lock */ = {
			isa = PBXShellScriptBuildPhase;
			buildActionMask = 2147483647;
			files = (
			);
			inputPaths = (
			);
			name = "[CP] Check Pods Manifest.lock";
			outputPaths = (
			);
			runOnlyForDeploymentPostprocessing = 0;
			shellPath = /bin/sh;
			shellScript = "diff \"${PODS_PODFILE_DIR_PATH}/Podfile.lock\" \"${PODS_ROOT}/Manifest.lock\" > /dev/null\nif [ $? != 0 ] ; then\n    # print error to STDERR\n    echo \"error: The sandbox is not in sync with the Podfile.lock. Run 'pod install' or update your CocoaPods installation.\" >&2\n    exit 1\nfi\n";
			showEnvVarsInLog = 0;
		};
		AA3C7D18FB8A4A7E4AABEE83 /* [CP] Copy Pods Resources */ = {
			isa = PBXShellScriptBuildPhase;
			buildActionMask = 2147483647;
			files = (
			);
			inputPaths = (
			);
			name = "[CP] Copy Pods Resources";
			outputPaths = (
			);
			runOnlyForDeploymentPostprocessing = 0;
			shellPath = /bin/sh;
			shellScript = "\"${SRCROOT}/Pods/Target Support Files/Pods-RxContacts/Pods-RxContacts-resources.sh\"\n";
			showEnvVarsInLog = 0;
		};
		D08A94D477693E0DAFF816EC /* [CP] Embed Pods Frameworks */ = {
			isa = PBXShellScriptBuildPhase;
			buildActionMask = 2147483647;
			files = (
			);
			inputPaths = (
			);
			name = "[CP] Embed Pods Frameworks";
			outputPaths = (
			);
			runOnlyForDeploymentPostprocessing = 0;
			shellPath = /bin/sh;
			shellScript = "\"${SRCROOT}/Pods/Target Support Files/Pods-RxContactsUITests/Pods-RxContactsUITests-frameworks.sh\"\n";
			showEnvVarsInLog = 0;
		};
		D3F7FD016212B1ED8FADC2F9 /* [CP] Copy Pods Resources */ = {
			isa = PBXShellScriptBuildPhase;
			buildActionMask = 2147483647;
			files = (
			);
			inputPaths = (
			);
			name = "[CP] Copy Pods Resources";
			outputPaths = (
			);
			runOnlyForDeploymentPostprocessing = 0;
			shellPath = /bin/sh;
			shellScript = "\"${SRCROOT}/Pods/Target Support Files/Pods-RxContactsUITests/Pods-RxContactsUITests-resources.sh\"\n";
			showEnvVarsInLog = 0;
		};
		F451D0AA0FBCB2C24D4B6614 /* [CP] Embed Pods Frameworks */ = {
			isa = PBXShellScriptBuildPhase;
			buildActionMask = 2147483647;
			files = (
			);
			inputPaths = (
			);
			name = "[CP] Embed Pods Frameworks";
			outputPaths = (
			);
			runOnlyForDeploymentPostprocessing = 0;
			shellPath = /bin/sh;
			shellScript = "\"${SRCROOT}/Pods/Target Support Files/Pods-RxContacts/Pods-RxContacts-frameworks.sh\"\n";
			showEnvVarsInLog = 0;
		};
		F4DA13981F3927C200070DFB /* ShellScript */ = {
			isa = PBXShellScriptBuildPhase;
			buildActionMask = 2147483647;
			files = (
			);
			inputPaths = (
			);
			outputPaths = (
			);
			runOnlyForDeploymentPostprocessing = 0;
			shellPath = /bin/sh;
			shellScript = "\"${PODS_ROOT}/SwiftLint/swiftlint\"";
		};
		FF5A34BBECBF557036081013 /* [CP] Copy Pods Resources */ = {
			isa = PBXShellScriptBuildPhase;
			buildActionMask = 2147483647;
			files = (
			);
			inputPaths = (
			);
			name = "[CP] Copy Pods Resources";
			outputPaths = (
			);
			runOnlyForDeploymentPostprocessing = 0;
			shellPath = /bin/sh;
			shellScript = "\"${SRCROOT}/Pods/Target Support Files/Pods-RxContactsTests/Pods-RxContactsTests-resources.sh\"\n";
			showEnvVarsInLog = 0;
		};
/* End PBXShellScriptBuildPhase section */

/* Begin PBXSourcesBuildPhase section */
		F4DA135A1F39211500070DFB /* Sources */ = {
			isa = PBXSourcesBuildPhase;
			buildActionMask = 2147483647;
			files = (
				F4DA139F1F392C7800070DFB /* Contact.swift in Sources */,
				F4DA13A11F3938AE00070DFB /* ContactViewModel.swift in Sources */,
				F4DA13621F39211500070DFB /* AppDelegate.swift in Sources */,
			);
			runOnlyForDeploymentPostprocessing = 0;
		};
		F4DA136E1F39211500070DFB /* Sources */ = {
			isa = PBXSourcesBuildPhase;
			buildActionMask = 2147483647;
			files = (
				F4DA139B1F3928EC00070DFB /* ContactsTests.swift in Sources */,
			);
			runOnlyForDeploymentPostprocessing = 0;
		};
		F4DA13791F39211500070DFB /* Sources */ = {
			isa = PBXSourcesBuildPhase;
			buildActionMask = 2147483647;
			files = (
				F4DA13821F39211500070DFB /* RxContactsUITests.swift in Sources */,
			);
			runOnlyForDeploymentPostprocessing = 0;
		};
/* End PBXSourcesBuildPhase section */

/* Begin PBXTargetDependency section */
		F4DA13741F39211500070DFB /* PBXTargetDependency */ = {
			isa = PBXTargetDependency;
			target = F4DA135D1F39211500070DFB /* RxContacts */;
			targetProxy = F4DA13731F39211500070DFB /* PBXContainerItemProxy */;
		};
		F4DA137F1F39211500070DFB /* PBXTargetDependency */ = {
			isa = PBXTargetDependency;
			target = F4DA135D1F39211500070DFB /* RxContacts */;
			targetProxy = F4DA137E1F39211500070DFB /* PBXContainerItemProxy */;
		};
/* End PBXTargetDependency section */

/* Begin PBXVariantGroup section */
		F4DA136A1F39211500070DFB /* LaunchScreen.storyboard */ = {
			isa = PBXVariantGroup;
			children = (
				F4DA136B1F39211500070DFB /* Base */,
			);
			name = LaunchScreen.storyboard;
			sourceTree = "<group>";
		};
/* End PBXVariantGroup section */

/* Begin XCBuildConfiguration section */
		F4DA13841F39211500070DFB /* Debug */ = {
			isa = XCBuildConfiguration;
			buildSettings = {
				ALWAYS_SEARCH_USER_PATHS = NO;
				CLANG_ANALYZER_NONNULL = YES;
				CLANG_ANALYZER_NUMBER_OBJECT_CONVERSION = YES_AGGRESSIVE;
				CLANG_CXX_LANGUAGE_STANDARD = "gnu++0x";
				CLANG_CXX_LIBRARY = "libc++";
				CLANG_ENABLE_MODULES = YES;
				CLANG_ENABLE_OBJC_ARC = YES;
				CLANG_WARN_BOOL_CONVERSION = YES;
				CLANG_WARN_CONSTANT_CONVERSION = YES;
				CLANG_WARN_DIRECT_OBJC_ISA_USAGE = YES_ERROR;
				CLANG_WARN_DOCUMENTATION_COMMENTS = YES;
				CLANG_WARN_EMPTY_BODY = YES;
				CLANG_WARN_ENUM_CONVERSION = YES;
				CLANG_WARN_INFINITE_RECURSION = YES;
				CLANG_WARN_INT_CONVERSION = YES;
				CLANG_WARN_OBJC_ROOT_CLASS = YES_ERROR;
				CLANG_WARN_SUSPICIOUS_MOVE = YES;
				CLANG_WARN_UNREACHABLE_CODE = YES;
				CLANG_WARN__DUPLICATE_METHOD_MATCH = YES;
				"CODE_SIGN_IDENTITY[sdk=iphoneos*]" = "iPhone Developer";
				COPY_PHASE_STRIP = NO;
				DEBUG_INFORMATION_FORMAT = dwarf;
				ENABLE_STRICT_OBJC_MSGSEND = YES;
				ENABLE_TESTABILITY = YES;
				GCC_C_LANGUAGE_STANDARD = gnu99;
				GCC_DYNAMIC_NO_PIC = NO;
				GCC_NO_COMMON_BLOCKS = YES;
				GCC_OPTIMIZATION_LEVEL = 0;
				GCC_PREPROCESSOR_DEFINITIONS = (
					"DEBUG=1",
					"$(inherited)",
				);
				GCC_WARN_64_TO_32_BIT_CONVERSION = YES;
				GCC_WARN_ABOUT_RETURN_TYPE = YES_ERROR;
				GCC_WARN_UNDECLARED_SELECTOR = YES;
				GCC_WARN_UNINITIALIZED_AUTOS = YES_AGGRESSIVE;
				GCC_WARN_UNUSED_FUNCTION = YES;
				GCC_WARN_UNUSED_VARIABLE = YES;
				IPHONEOS_DEPLOYMENT_TARGET = 10.3;
				MTL_ENABLE_DEBUG_INFO = YES;
				ONLY_ACTIVE_ARCH = YES;
				SDKROOT = iphoneos;
				SWIFT_ACTIVE_COMPILATION_CONDITIONS = DEBUG;
				SWIFT_OPTIMIZATION_LEVEL = "-Onone";
			};
			name = Debug;
		};
		F4DA13851F39211500070DFB /* Release */ = {
			isa = XCBuildConfiguration;
			buildSettings = {
				ALWAYS_SEARCH_USER_PATHS = NO;
				CLANG_ANALYZER_NONNULL = YES;
				CLANG_ANALYZER_NUMBER_OBJECT_CONVERSION = YES_AGGRESSIVE;
				CLANG_CXX_LANGUAGE_STANDARD = "gnu++0x";
				CLANG_CXX_LIBRARY = "libc++";
				CLANG_ENABLE_MODULES = YES;
				CLANG_ENABLE_OBJC_ARC = YES;
				CLANG_WARN_BOOL_CONVERSION = YES;
				CLANG_WARN_CONSTANT_CONVERSION = YES;
				CLANG_WARN_DIRECT_OBJC_ISA_USAGE = YES_ERROR;
				CLANG_WARN_DOCUMENTATION_COMMENTS = YES;
				CLANG_WARN_EMPTY_BODY = YES;
				CLANG_WARN_ENUM_CONVERSION = YES;
				CLANG_WARN_INFINITE_RECURSION = YES;
				CLANG_WARN_INT_CONVERSION = YES;
				CLANG_WARN_OBJC_ROOT_CLASS = YES_ERROR;
				CLANG_WARN_SUSPICIOUS_MOVE = YES;
				CLANG_WARN_UNREACHABLE_CODE = YES;
				CLANG_WARN__DUPLICATE_METHOD_MATCH = YES;
				"CODE_SIGN_IDENTITY[sdk=iphoneos*]" = "iPhone Developer";
				COPY_PHASE_STRIP = NO;
				DEBUG_INFORMATION_FORMAT = "dwarf-with-dsym";
				ENABLE_NS_ASSERTIONS = NO;
				ENABLE_STRICT_OBJC_MSGSEND = YES;
				GCC_C_LANGUAGE_STANDARD = gnu99;
				GCC_NO_COMMON_BLOCKS = YES;
				GCC_WARN_64_TO_32_BIT_CONVERSION = YES;
				GCC_WARN_ABOUT_RETURN_TYPE = YES_ERROR;
				GCC_WARN_UNDECLARED_SELECTOR = YES;
				GCC_WARN_UNINITIALIZED_AUTOS = YES_AGGRESSIVE;
				GCC_WARN_UNUSED_FUNCTION = YES;
				GCC_WARN_UNUSED_VARIABLE = YES;
				IPHONEOS_DEPLOYMENT_TARGET = 10.3;
				MTL_ENABLE_DEBUG_INFO = NO;
				SDKROOT = iphoneos;
				SWIFT_OPTIMIZATION_LEVEL = "-Owholemodule";
				VALIDATE_PRODUCT = YES;
			};
			name = Release;
		};
		F4DA13871F39211500070DFB /* Debug */ = {
			isa = XCBuildConfiguration;
			baseConfigurationReference = B7C1659D02834C51CABA1C32 /* Pods-RxContacts.debug.xcconfig */;
			buildSettings = {
				ASSETCATALOG_COMPILER_APPICON_NAME = AppIcon;
				DEVELOPMENT_TEAM = K87XPR878Y;
				INFOPLIST_FILE = RxContacts/Info.plist;
				IPHONEOS_DEPLOYMENT_TARGET = 10.1;
				LD_RUNPATH_SEARCH_PATHS = "$(inherited) @executable_path/Frameworks";
				PRODUCT_BUNDLE_IDENTIFIER = com.app.RxContacts;
				PRODUCT_NAME = "$(TARGET_NAME)";
				SWIFT_VERSION = 3.0;
			};
			name = Debug;
		};
		F4DA13881F39211500070DFB /* Release */ = {
			isa = XCBuildConfiguration;
			baseConfigurationReference = 3AFC28F29559884710987D5A /* Pods-RxContacts.release.xcconfig */;
			buildSettings = {
				ASSETCATALOG_COMPILER_APPICON_NAME = AppIcon;
				DEVELOPMENT_TEAM = K87XPR878Y;
				INFOPLIST_FILE = RxContacts/Info.plist;
				IPHONEOS_DEPLOYMENT_TARGET = 10.1;
				LD_RUNPATH_SEARCH_PATHS = "$(inherited) @executable_path/Frameworks";
				PRODUCT_BUNDLE_IDENTIFIER = com.app.RxContacts;
				PRODUCT_NAME = "$(TARGET_NAME)";
				SWIFT_VERSION = 3.0;
			};
			name = Release;
		};
		F4DA138A1F39211500070DFB /* Debug */ = {
			isa = XCBuildConfiguration;
			baseConfigurationReference = 3A4ABD27B95155BD4EC240AB /* Pods-RxContactsTests.debug.xcconfig */;
			buildSettings = {
				ALWAYS_EMBED_SWIFT_STANDARD_LIBRARIES = YES;
				BUNDLE_LOADER = "$(TEST_HOST)";
				DEVELOPMENT_TEAM = K87XPR878Y;
				INFOPLIST_FILE = RxContactsTests/Info.plist;
				LD_RUNPATH_SEARCH_PATHS = "$(inherited) @executable_path/Frameworks @loader_path/Frameworks";
				PRODUCT_BUNDLE_IDENTIFIER = com.app.RxContactsTests;
				PRODUCT_NAME = "$(TARGET_NAME)";
				SWIFT_VERSION = 3.0;
				TEST_HOST = "$(BUILT_PRODUCTS_DIR)/RxContacts.app/RxContacts";
			};
			name = Debug;
		};
		F4DA138B1F39211500070DFB /* Release */ = {
			isa = XCBuildConfiguration;
			baseConfigurationReference = 9C6C14A5284CCBDC4231720F /* Pods-RxContactsTests.release.xcconfig */;
			buildSettings = {
				ALWAYS_EMBED_SWIFT_STANDARD_LIBRARIES = YES;
				BUNDLE_LOADER = "$(TEST_HOST)";
				DEVELOPMENT_TEAM = K87XPR878Y;
				INFOPLIST_FILE = RxContactsTests/Info.plist;
				LD_RUNPATH_SEARCH_PATHS = "$(inherited) @executable_path/Frameworks @loader_path/Frameworks";
				PRODUCT_BUNDLE_IDENTIFIER = com.app.RxContactsTests;
				PRODUCT_NAME = "$(TARGET_NAME)";
				SWIFT_VERSION = 3.0;
				TEST_HOST = "$(BUILT_PRODUCTS_DIR)/RxContacts.app/RxContacts";
			};
			name = Release;
		};
		F4DA138D1F39211500070DFB /* Debug */ = {
			isa = XCBuildConfiguration;
			baseConfigurationReference = 2D2345E459C5AEDD7654BB76 /* Pods-RxContactsUITests.debug.xcconfig */;
			buildSettings = {
				ALWAYS_EMBED_SWIFT_STANDARD_LIBRARIES = YES;
				DEVELOPMENT_TEAM = K87XPR878Y;
				INFOPLIST_FILE = RxContactsUITests/Info.plist;
				LD_RUNPATH_SEARCH_PATHS = "$(inherited) @executable_path/Frameworks @loader_path/Frameworks";
				PRODUCT_BUNDLE_IDENTIFIER = com.app.RxContactsUITests;
				PRODUCT_NAME = "$(TARGET_NAME)";
				SWIFT_VERSION = 3.0;
				TEST_TARGET_NAME = RxContacts;
			};
			name = Debug;
		};
		F4DA138E1F39211500070DFB /* Release */ = {
			isa = XCBuildConfiguration;
			baseConfigurationReference = 2A99456145778592F5F44371 /* Pods-RxContactsUITests.release.xcconfig */;
			buildSettings = {
				ALWAYS_EMBED_SWIFT_STANDARD_LIBRARIES = YES;
				DEVELOPMENT_TEAM = K87XPR878Y;
				INFOPLIST_FILE = RxContactsUITests/Info.plist;
				LD_RUNPATH_SEARCH_PATHS = "$(inherited) @executable_path/Frameworks @loader_path/Frameworks";
				PRODUCT_BUNDLE_IDENTIFIER = com.app.RxContactsUITests;
				PRODUCT_NAME = "$(TARGET_NAME)";
				SWIFT_VERSION = 3.0;
				TEST_TARGET_NAME = RxContacts;
			};
			name = Release;
		};
/* End XCBuildConfiguration section */

/* Begin XCConfigurationList section */
		F4DA13591F39211500070DFB /* Build configuration list for PBXProject "RxContacts" */ = {
			isa = XCConfigurationList;
			buildConfigurations = (
				F4DA13841F39211500070DFB /* Debug */,
				F4DA13851F39211500070DFB /* Release */,
			);
			defaultConfigurationIsVisible = 0;
			defaultConfigurationName = Release;
		};
		F4DA13861F39211500070DFB /* Build configuration list for PBXNativeTarget "RxContacts" */ = {
			isa = XCConfigurationList;
			buildConfigurations = (
				F4DA13871F39211500070DFB /* Debug */,
				F4DA13881F39211500070DFB /* Release */,
			);
			defaultConfigurationIsVisible = 0;
			defaultConfigurationName = Release;
		};
		F4DA13891F39211500070DFB /* Build configuration list for PBXNativeTarget "RxContactsTests" */ = {
			isa = XCConfigurationList;
			buildConfigurations = (
				F4DA138A1F39211500070DFB /* Debug */,
				F4DA138B1F39211500070DFB /* Release */,
			);
			defaultConfigurationIsVisible = 0;
			defaultConfigurationName = Release;
		};
		F4DA138C1F39211500070DFB /* Build configuration list for PBXNativeTarget "RxContactsUITests" */ = {
			isa = XCConfigurationList;
			buildConfigurations = (
				F4DA138D1F39211500070DFB /* Debug */,
				F4DA138E1F39211500070DFB /* Release */,
			);
			defaultConfigurationIsVisible = 0;
			defaultConfigurationName = Release;
		};
/* End XCConfigurationList section */
	};
	rootObject = F4DA13561F39211500070DFB /* Project object */;
}
